<?xml version="1.0" encoding="utf-8"?>
<Project ToolsVersion="4.0" xmlns="http://schemas.microsoft.com/developer/msbuild/2003">
  <ItemGroup>
    <Filter Include="Source Files">
      <UniqueIdentifier>{A8D7C6B3-F4D8-4878-BE5D-9E2BB24F6A40}</UniqueIdentifier>
      <Extensions>cpp;c;cc;cxx;c++;cppm;ixx;def;odl;idl;hpj;bat;asm;asmx</Extensions>
    </Filter>
    <Filter Include="Header Files">
      <UniqueIdentifier>{A8D7C6B3-F4D8-4878-BE5D-9E2BB24F6A47}</UniqueIdentifier>
      <Extensions>h;hh;hpp;hxx;h++;hm;inl;inc;ipp;xsd</Extensions>
    </Filter>
    <Filter Include="Shader Files">
      <UniqueIdentifier>{A8D7C6B3-F4D8-4878-BE5D-9E2BB24F6A49}</UniqueIdentifier>
      <Extensions>vert;frag;geom;tesc;tese;comp;glsl;spv;vglsl;gglsl;fglsl</Extensions>
    </Filter>
    <Filter Include="Json Files">
      <UniqueIdentifier>{A8D7C6B3-F4D8-4878-BE5D-9E2BB24F6A44}</UniqueIdentifier>
      <Extensions>json</Extensions>
    </Filter>
  </ItemGroup>
  <ItemGroup>
    <ClCompile Include="src\**\*.cpp">
      <Filter>Source Files</Filter>
    </ClCompile>
    <ClInclude Include="include\**\*.h">
      <Filter>Header Files</Filter>
    </ClInclude>
    <None Include="shaders\*.glsl">
      <Filter>Shader Files</Filter>
    </None>
    <None Include="data\jsons\**\*.json">
      <Filter>Json Files</Filter>
    </None>
    <ClCompile Include="src\**\*.cpp">
      <Filter>Source Files</Filter>
    </ClCompile>
    <ClCompile Include="src\**\*.cpp">
      <Filter>Source Files</Filter>
    </ClCompile>
    <ClCompile Include="src\**\*.cpp">
      <Filter>Source Files</Filter>
    </ClCompile>
    <ClCompile Include="src\**\*.cpp">
      <Filter>Source Files</Filter>
    </ClCompile>
    <ClCompile Include="src\callbacks.cpp">
      <Filter>Source Files</Filter>
    </ClCompile>
    <ClCompile Include="src\clock.cpp">
      <Filter>Source Files</Filter>
    </ClCompile>
    <ClCompile Include="src\cursor.cpp">
      <Filter>Source Files</Filter>
    </ClCompile>
    <ClCompile Include="src\ecs_components.cpp">
      <Filter>Source Files</Filter>
    </ClCompile>
    <ClCompile Include="src\graphics_config.cpp">
      <Filter>Source Files</Filter>
    </ClCompile>
    <ClCompile Include="src\input_manager.cpp">
      <Filter>Source Files</Filter>
    </ClCompile>
    <ClCompile Include="src\input_system.cpp">
      <Filter>Source Files</Filter>
    </ClCompile>
    <ClCompile Include="src\json.cpp">
      <Filter>Source Files</Filter>
    </ClCompile>
    <ClCompile Include="src\light_system.cpp">
      <Filter>Source Files</Filter>
    </ClCompile>
    <ClCompile Include="src\main.cpp">
      <Filter>Source Files</Filter>
    </ClCompile>
    <ClCompile Include="src\mesh.cpp">
      <Filter>Source Files</Filter>
    </ClCompile>
    <ClCompile Include="src\patch.cpp">
      <Filter>Source Files</Filter>
    </ClCompile>
    <ClCompile Include="src\program.cpp">
      <Filter>Source Files</Filter>
    </ClCompile>
    <ClCompile Include="src\render_system.cpp">
      <Filter>Source Files</Filter>
    </ClCompile>
    <ClCompile Include="src\resource_manager.cpp">
      <Filter>Source Files</Filter>
    </ClCompile>
    <ClCompile Include="src\scene.cpp">
      <Filter>Source Files</Filter>
    </ClCompile>
    <ClCompile Include="src\shader_manager.cpp">
      <Filter>Source Files</Filter>
    </ClCompile>
    <ClCompile Include="src\surface.cpp">
      <Filter>Source Files</Filter>
    </ClCompile>
    <ClCompile Include="src\surface_renderer.cpp">
      <Filter>Source Files</Filter>
    </ClCompile>
    <ClCompile Include="src\timer.cpp">
      <Filter>Source Files</Filter>
    </ClCompile>
    <ClCompile Include="src\uniforms.cpp">
      <Filter>Source Files</Filter>
    </ClCompile>
    <ClCompile Include="src\universal_vars.cpp">
      <Filter>Source Files</Filter>
    </ClCompile>
    <ClCompile Include="src\util.cpp">
      <Filter>Source Files</Filter>
    </ClCompile>
    <ClCompile Include="src\window.cpp">
      <Filter>Source Files</Filter>
    </ClCompile>
    <ClCompile Include="src\windows.cpp">
      <Filter>Source Files</Filter>
    </ClCompile>
    <ClCompile Include="src\**\*.cpp">
      <Filter>Source Files</Filter>
    </ClCompile>
    <ClCompile Include="src\**\*.cpp">
      <Filter>Source Files</Filter>
    </ClCompile>
    <ClCompile Include="src\**\*.cpp">
      <Filter>Source Files</Filter>
    </ClCompile>
    <ClCompile Include="src\**\*.cpp">
      <Filter>Source Files</Filter>
    </ClCompile>
    <ClCompile Include="src\**\*.cpp">
      <Filter>Source Files</Filter>
    </ClCompile>
    <ClCompile Include="src\**\*.cpp">
      <Filter>Source Files</Filter>
    </ClCompile>
    <ClCompile Include="src\**\*.cpp">
      <Filter>Source Files</Filter>
    </ClCompile>
    <ClCompile Include="src\**\*.cpp">
      <Filter>Source Files</Filter>
    </ClCompile>
    <ClCompile Include="src\**\*.cpp">
      <Filter>Source Files</Filter>
    </ClCompile>
    <ClCompile Include="src\**\*.cpp">
      <Filter>Source Files</Filter>
    </ClCompile>
    <ClCompile Include="src\**\*.cpp">
      <Filter>Source Files</Filter>
    </ClCompile>
    <ClCompile Include="src\**\*.cpp">
      <Filter>Source Files</Filter>
    </ClCompile>
    <ClCompile Include="src\**\*.cpp">
      <Filter>Source Files</Filter>
    </ClCompile>
    <ClCompile Include="src\**\*.cpp">
      <Filter>Source Files</Filter>
    </ClCompile>
    <ClCompile Include="src\**\*.cpp">
      <Filter>Source Files</Filter>
    </ClCompile>
    <ClCompile Include="src\callbacks.cpp">
      <Filter>Source Files</Filter>
    </ClCompile>
    <ClCompile Include="src\clock.cpp">
      <Filter>Source Files</Filter>
    </ClCompile>
    <ClCompile Include="src\cursor.cpp">
      <Filter>Source Files</Filter>
    </ClCompile>
    <ClCompile Include="src\ecs_components.cpp">
      <Filter>Source Files</Filter>
    </ClCompile>
    <ClCompile Include="src\graphics_config.cpp">
      <Filter>Source Files</Filter>
    </ClCompile>
    <ClCompile Include="src\input_manager.cpp">
      <Filter>Source Files</Filter>
    </ClCompile>
    <ClCompile Include="src\input_system.cpp">
      <Filter>Source Files</Filter>
    </ClCompile>
    <ClCompile Include="src\json.cpp">
      <Filter>Source Files</Filter>
    </ClCompile>
    <ClCompile Include="src\light_system.cpp">
      <Filter>Source Files</Filter>
    </ClCompile>
    <ClCompile Include="src\main.cpp">
      <Filter>Source Files</Filter>
    </ClCompile>
    <ClCompile Include="src\mesh.cpp">
      <Filter>Source Files</Filter>
    </ClCompile>
    <ClCompile Include="src\patch.cpp">
      <Filter>Source Files</Filter>
    </ClCompile>
    <ClCompile Include="src\program.cpp">
      <Filter>Source Files</Filter>
    </ClCompile>
    <ClCompile Include="src\render_system.cpp">
      <Filter>Source Files</Filter>
    </ClCompile>
    <ClCompile Include="src\resource_manager.cpp">
      <Filter>Source Files</Filter>
    </ClCompile>
    <ClCompile Include="src\scene.cpp">
      <Filter>Source Files</Filter>
    </ClCompile>
    <ClCompile Include="src\shader_manager.cpp">
      <Filter>Source Files</Filter>
    </ClCompile>
    <ClCompile Include="src\surface.cpp">
      <Filter>Source Files</Filter>
    </ClCompile>
    <ClCompile Include="src\surface_renderer.cpp">
      <Filter>Source Files</Filter>
    </ClCompile>
    <ClCompile Include="src\timer.cpp">
      <Filter>Source Files</Filter>
    </ClCompile>
    <ClCompile Include="src\uniforms.cpp">
      <Filter>Source Files</Filter>
    </ClCompile>
    <ClCompile Include="src\universal_vars.cpp">
      <Filter>Source Files</Filter>
    </ClCompile>
    <ClCompile Include="src\util.cpp">
      <Filter>Source Files</Filter>
    </ClCompile>
    <ClCompile Include="src\window.cpp">
      <Filter>Source Files</Filter>
    </ClCompile>
    <ClCompile Include="src\windows.cpp">
      <Filter>Source Files</Filter>
    </ClCompile>
    <ClCompile Include="src\**\*.cpp">
      <Filter>Source Files</Filter>
    </ClCompile>
    <ClCompile Include="src\**\*.cpp">
      <Filter>Source Files</Filter>
    </ClCompile>
    <ClCompile Include="src\callbacks.cpp">
      <Filter>Source Files</Filter>
    </ClCompile>
    <ClCompile Include="src\clock.cpp">
      <Filter>Source Files</Filter>
    </ClCompile>
    <ClCompile Include="src\cursor.cpp">
      <Filter>Source Files</Filter>
    </ClCompile>
    <ClCompile Include="src\ecs_components.cpp">
      <Filter>Source Files</Filter>
    </ClCompile>
    <ClCompile Include="src\graphics_config.cpp">
      <Filter>Source Files</Filter>
    </ClCompile>
    <ClCompile Include="src\input_manager.cpp">
      <Filter>Source Files</Filter>
    </ClCompile>
    <ClCompile Include="src\input_system.cpp">
      <Filter>Source Files</Filter>
    </ClCompile>
    <ClCompile Include="src\json.cpp">
      <Filter>Source Files</Filter>
    </ClCompile>
    <ClCompile Include="src\light_system.cpp">
      <Filter>Source Files</Filter>
    </ClCompile>
    <ClCompile Include="src\main.cpp">
      <Filter>Source Files</Filter>
    </ClCompile>
    <ClCompile Include="src\mesh.cpp">
      <Filter>Source Files</Filter>
    </ClCompile>
    <ClCompile Include="src\patch.cpp">
      <Filter>Source Files</Filter>
    </ClCompile>
    <ClCompile Include="src\program.cpp">
      <Filter>Source Files</Filter>
    </ClCompile>
    <ClCompile Include="src\render_system.cpp">
      <Filter>Source Files</Filter>
    </ClCompile>
    <ClCompile Include="src\resource_manager.cpp">
      <Filter>Source Files</Filter>
    </ClCompile>
    <ClCompile Include="src\scene.cpp">
      <Filter>Source Files</Filter>
    </ClCompile>
    <ClCompile Include="src\shader_manager.cpp">
      <Filter>Source Files</Filter>
    </ClCompile>
    <ClCompile Include="src\surface.cpp">
      <Filter>Source Files</Filter>
    </ClCompile>
    <ClCompile Include="src\surface_renderer.cpp">
      <Filter>Source Files</Filter>
    </ClCompile>
    <ClCompile Include="src\timer.cpp">
      <Filter>Source Files</Filter>
    </ClCompile>
    <ClCompile Include="src\uniforms.cpp">
      <Filter>Source Files</Filter>
    </ClCompile>
    <ClCompile Include="src\universal_vars.cpp">
      <Filter>Source Files</Filter>
    </ClCompile>
    <ClCompile Include="src\util.cpp">
      <Filter>Source Files</Filter>
    </ClCompile>
    <ClCompile Include="src\window.cpp">
      <Filter>Source Files</Filter>
    </ClCompile>
    <ClCompile Include="src\windows.cpp">
      <Filter>Source Files</Filter>
    </ClCompile>
    <ClCompile Include="src\**\*.cpp">
      <Filter>Source Files</Filter>
    </ClCompile>
    <ClCompile Include="src\**\*.cpp">
      <Filter>Source Files</Filter>
    </ClCompile>
  </ItemGroup>
  <ItemGroup>
    <ClInclude Include="include\**\*.h">
      <Filter>Header Files</Filter>
    </ClInclude>
    <ClInclude Include="include\**\*.h">
      <Filter>Header Files</Filter>
    </ClInclude>
    <ClInclude Include="include\**\*.h">
      <Filter>Header Files</Filter>
    </ClInclude>
    <ClInclude Include="include\**\*.h">
      <Filter>Header Files</Filter>
    </ClInclude>
    <ClInclude Include="include\**\*.h">
      <Filter>Header Files</Filter>
    </ClInclude>
    <ClInclude Include="include\**\*.h">
      <Filter>Header Files</Filter>
    </ClInclude>
    <ClInclude Include="include\**\*.h">
      <Filter>Header Files</Filter>
    </ClInclude>
    <ClInclude Include="include\**\*.h">
      <Filter>Header Files</Filter>
    </ClInclude>
    <ClInclude Include="include\**\*.h">
      <Filter>Header Files</Filter>
    </ClInclude>
    <ClInclude Include="include\**\*.h">
      <Filter>Header Files</Filter>
    </ClInclude>
    <ClInclude Include="include\**\*.h">
      <Filter>Header Files</Filter>
    </ClInclude>
    <ClInclude Include="include\**\*.h">
      <Filter>Header Files</Filter>
    </ClInclude>
    <ClInclude Include="include\**\*.h">
      <Filter>Header Files</Filter>
    </ClInclude>
    <ClInclude Include="include\**\*.h">
      <Filter>Header Files</Filter>
    </ClInclude>
    <ClInclude Include="include\**\*.h">
      <Filter>Header Files</Filter>
    </ClInclude>
    <ClInclude Include="include\**\*.h">
      <Filter>Header Files</Filter>
    </ClInclude>
    <ClInclude Include="include\**\*.h">
      <Filter>Header Files</Filter>
    </ClInclude>
    <ClInclude Include="include\**\*.h">
      <Filter>Header Files</Filter>
    </ClInclude>
    <ClInclude Include="include\**\*.h">
      <Filter>Header Files</Filter>
    </ClInclude>
    <ClInclude Include="include\**\*.h">
      <Filter>Header Files</Filter>
    </ClInclude>
    <ClInclude Include="include\**\*.h">
      <Filter>Header Files</Filter>
    </ClInclude>
    <ClInclude Include="include\**\*.h">
      <Filter>Header Files</Filter>
    </ClInclude>
    <ClInclude Include="include\**\*.h">
      <Filter>Header Files</Filter>
    </ClInclude>
    <ClInclude Include="include\**\*.h">
      <Filter>Header Files</Filter>
    </ClInclude>
    <ClInclude Include="include\**\*.h">
      <Filter>Header Files</Filter>
    </ClInclude>
    <ClInclude Include="include\**\*.h">
      <Filter>Header Files</Filter>
    </ClInclude>
    <ClInclude Include="include\**\*.h">
      <Filter>Header Files</Filter>
    </ClInclude>
    <ClInclude Include="include\**\*.h">
      <Filter>Header Files</Filter>
    </ClInclude>
    <ClInclude Include="include\**\*.h">
      <Filter>Header Files</Filter>
    </ClInclude>
    <ClInclude Include="include\callbacks.h">
      <Filter>Header Files</Filter>
    </ClInclude>
    <ClInclude Include="include\clock.h">
      <Filter>Header Files</Filter>
    </ClInclude>
    <ClInclude Include="include\component_manager.h">
      <Filter>Header Files</Filter>
    </ClInclude>
    <ClInclude Include="include\component_pool.h">
      <Filter>Header Files</Filter>
    </ClInclude>
    <ClInclude Include="include\cursor.h">
      <Filter>Header Files</Filter>
    </ClInclude>
    <ClInclude Include="include\ecs_components.h">
      <Filter>Header Files</Filter>
    </ClInclude>
    <ClInclude Include="include\ecs_manager.h">
      <Filter>Header Files</Filter>
    </ClInclude>
    <ClInclude Include="include\entity_manager.h">
      <Filter>Header Files</Filter>
    </ClInclude>
    <ClInclude Include="include\flat_light.h">
      <Filter>Header Files</Filter>
    </ClInclude>
    <ClInclude Include="include\flat_material.h">
      <Filter>Header Files</Filter>
    </ClInclude>
    <ClInclude Include="include\flat_vertex.h">
      <Filter>Header Files</Filter>
    </ClInclude>
    <ClInclude Include="include\graphics_config.h">
      <Filter>Header Files</Filter>
    </ClInclude>
    <ClInclude Include="include\input_manager.h">
      <Filter>Header Files</Filter>
    </ClInclude>
    <ClInclude Include="include\input_system.h">
      <Filter>Header Files</Filter>
    </ClInclude>
    <ClInclude Include="include\json.h">
      <Filter>Header Files</Filter>
    </ClInclude>
    <ClInclude Include="include\light_system.h">
      <Filter>Header Files</Filter>
    </ClInclude>
    <ClInclude Include="include\material.h">
      <Filter>Header Files</Filter>
    </ClInclude>
    <ClInclude Include="include\mesh.h">
      <Filter>Header Files</Filter>
    </ClInclude>
    <ClInclude Include="include\patch.h">
      <Filter>Header Files</Filter>
    </ClInclude>
    <ClInclude Include="include\program.h">
      <Filter>Header Files</Filter>
    </ClInclude>
    <ClInclude Include="include\render_system.h">
      <Filter>Header Files</Filter>
    </ClInclude>
    <ClInclude Include="include\resource_manager.h">
      <Filter>Header Files</Filter>
    </ClInclude>
    <ClInclude Include="include\scene.h">
      <Filter>Header Files</Filter>
    </ClInclude>
    <ClInclude Include="include\shader_manager.h">
      <Filter>Header Files</Filter>
    </ClInclude>
    <ClInclude Include="include\surface.h">
      <Filter>Header Files</Filter>
    </ClInclude>
    <ClInclude Include="include\surface_renderer.h">
      <Filter>Header Files</Filter>
    </ClInclude>
    <ClInclude Include="include\system.h">
      <Filter>Header Files</Filter>
    </ClInclude>
    <ClInclude Include="include\system_manager.h">
      <Filter>Header Files</Filter>
    </ClInclude>
    <ClInclude Include="include\texture.h">
      <Filter>Header Files</Filter>
    </ClInclude>
    <ClInclude Include="include\timer.h">
      <Filter>Header Files</Filter>
    </ClInclude>
    <ClInclude Include="include\uniform.h">
      <Filter>Header Files</Filter>
    </ClInclude>
    <ClInclude Include="include\uniforms.h">
      <Filter>Header Files</Filter>
    </ClInclude>
    <ClInclude Include="include\universal_vars.h">
      <Filter>Header Files</Filter>
    </ClInclude>
    <ClInclude Include="include\util.h">
      <Filter>Header Files</Filter>
    </ClInclude>
    <ClInclude Include="include\vertex.h">
      <Filter>Header Files</Filter>
    </ClInclude>
    <ClInclude Include="include\vertex_key.h">
      <Filter>Header Files</Filter>
    </ClInclude>
    <ClInclude Include="include\window.h">
      <Filter>Header Files</Filter>
    </ClInclude>
    <ClInclude Include="include\windows.h">
      <Filter>Header Files</Filter>
    </ClInclude>
    <ClInclude Include="include\**\*.h">
      <Filter>Header Files</Filter>
    </ClInclude>
    <ClInclude Include="include\**\*.h">
      <Filter>Header Files</Filter>
    </ClInclude>
    <ClInclude Include="include\**\*.h">
      <Filter>Header Files</Filter>
    </ClInclude>
    <ClInclude Include="include\**\*.h">
      <Filter>Header Files</Filter>
    </ClInclude>
    <ClInclude Include="include\**\*.h">
      <Filter>Header Files</Filter>
    </ClInclude>
    <ClInclude Include="include\**\*.h">
      <Filter>Header Files</Filter>
    </ClInclude>
    <ClInclude Include="include\**\*.h">
      <Filter>Header Files</Filter>
    </ClInclude>
    <ClInclude Include="include\**\*.h">
      <Filter>Header Files</Filter>
    </ClInclude>
  </ItemGroup>
  <ItemGroup>
    <None Include="shaders\*.glsl">
      <Filter>Shader Files</Filter>
    </None>
    <None Include="shaders\debug_quad.vs.glsl">
      <Filter>Shader Files</Filter>
    </None>
    <None Include="shaders\default.fs.glsl">
      <Filter>Shader Files</Filter>
    </None>
    <None Include="shaders\default.tcs.glsl">
      <Filter>Shader Files</Filter>
    </None>
    <None Include="shaders\default.tes.glsl">
      <Filter>Shader Files</Filter>
    </None>
    <None Include="shaders\default.vs.glsl">
      <Filter>Shader Files</Filter>
    </None>
    <None Include="shaders\patch_shadow.fs.glsl">
      <Filter>Shader Files</Filter>
    </None>
    <None Include="shaders\patch_shadow.vs.glsl">
      <Filter>Shader Files</Filter>
    </None>
    <None Include="shaders\patch_tess_pass.cs.glsl">
      <Filter>Shader Files</Filter>
    </None>
    <None Include="shaders\render_pass.fs.glsl">
      <Filter>Shader Files</Filter>
    </None>
    <None Include="shaders\render_pass.tcs.glsl">
      <Filter>Shader Files</Filter>
    </None>
    <None Include="shaders\render_pass.tes.glsl">
      <Filter>Shader Files</Filter>
    </None>
    <None Include="shaders\render_pass.vs.glsl">
      <Filter>Shader Files</Filter>
    </None>
    <None Include="shaders\visualize_tiles.fs.glsl">
      <Filter>Shader Files</Filter>
    </None>
    <None Include="shaders\visualize_tiles.vs.glsl">
      <Filter>Shader Files</Filter>
    </None>
    <None Include="shaders\debug_quad.vs.glsl">
      <Filter>Shader Files</Filter>
    </None>
    <None Include="shaders\default.fs.glsl">
      <Filter>Shader Files</Filter>
    </None>
    <None Include="shaders\default.tcs.glsl">
      <Filter>Shader Files</Filter>
    </None>
    <None Include="shaders\default.tes.glsl">
      <Filter>Shader Files</Filter>
    </None>
    <None Include="shaders\default.vs.glsl">
      <Filter>Shader Files</Filter>
    </None>
    <None Include="shaders\patch_shadow.fs.glsl">
      <Filter>Shader Files</Filter>
    </None>
    <None Include="shaders\patch_shadow.vs.glsl">
      <Filter>Shader Files</Filter>
    </None>
    <None Include="shaders\patch_tess_pass.cs.glsl">
      <Filter>Shader Files</Filter>
    </None>
    <None Include="shaders\render_pass.fs.glsl">
      <Filter>Shader Files</Filter>
    </None>
    <None Include="shaders\render_pass.tcs.glsl">
      <Filter>Shader Files</Filter>
    </None>
    <None Include="shaders\render_pass.tes.glsl">
      <Filter>Shader Files</Filter>
    </None>
    <None Include="shaders\render_pass.vs.glsl">
      <Filter>Shader Files</Filter>
    </None>
    <None Include="shaders\visualize_tiles.fs.glsl">
      <Filter>Shader Files</Filter>
    </None>
    <None Include="shaders\visualize_tiles.vs.glsl">
      <Filter>Shader Files</Filter>
    </None>
    <None Include="shaders\debug_quad.vs.glsl">
      <Filter>Shader Files</Filter>
    </None>
    <None Include="shaders\default.fs.glsl">
      <Filter>Shader Files</Filter>
    </None>
    <None Include="shaders\default.tcs.glsl">
      <Filter>Shader Files</Filter>
    </None>
    <None Include="shaders\default.tes.glsl">
      <Filter>Shader Files</Filter>
    </None>
    <None Include="shaders\default.vs.glsl">
      <Filter>Shader Files</Filter>
    </None>
    <None Include="shaders\patch_shadow.fs.glsl">
      <Filter>Shader Files</Filter>
    </None>
    <None Include="shaders\patch_shadow.vs.glsl">
      <Filter>Shader Files</Filter>
    </None>
    <None Include="shaders\patch_tess_pass.cs.glsl">
      <Filter>Shader Files</Filter>
    </None>
    <None Include="shaders\render_pass.fs.glsl">
      <Filter>Shader Files</Filter>
    </None>
    <None Include="shaders\render_pass.tcs.glsl">
      <Filter>Shader Files</Filter>
    </None>
    <None Include="shaders\render_pass.tes.glsl">
      <Filter>Shader Files</Filter>
    </None>
    <None Include="shaders\render_pass.vs.glsl">
      <Filter>Shader Files</Filter>
    </None>
    <None Include="shaders\visualize_tiles.fs.glsl">
      <Filter>Shader Files</Filter>
    </None>
    <None Include="shaders\visualize_tiles.vs.glsl">
      <Filter>Shader Files</Filter>
    </None>
    <None Include="shaders\debug_quad.vs.glsl">
      <Filter>Shader Files</Filter>
    </None>
    <None Include="shaders\default.fs.glsl">
      <Filter>Shader Files</Filter>
    </None>
    <None Include="shaders\default.tcs.glsl">
      <Filter>Shader Files</Filter>
    </None>
    <None Include="shaders\default.tes.glsl">
      <Filter>Shader Files</Filter>
    </None>
    <None Include="shaders\default.vs.glsl">
      <Filter>Shader Files</Filter>
    </None>
    <None Include="shaders\patch_shadow.fs.glsl">
      <Filter>Shader Files</Filter>
    </None>
    <None Include="shaders\patch_shadow.vs.glsl">
      <Filter>Shader Files</Filter>
    </None>
    <None Include="shaders\patch_tess_pass.cs.glsl">
      <Filter>Shader Files</Filter>
    </None>
    <None Include="shaders\render_pass.fs.glsl">
      <Filter>Shader Files</Filter>
    </None>
    <None Include="shaders\render_pass.tcs.glsl">
      <Filter>Shader Files</Filter>
    </None>
    <None Include="shaders\render_pass.tes.glsl">
      <Filter>Shader Files</Filter>
    </None>
    <None Include="shaders\render_pass.vs.glsl">
      <Filter>Shader Files</Filter>
    </None>
    <None Include="shaders\visualize_tiles.fs.glsl">
      <Filter>Shader Files</Filter>
    </None>
    <None Include="shaders\visualize_tiles.vs.glsl">
      <Filter>Shader Files</Filter>
    </None>
    <None Include="shaders\*.glsl">
      <Filter>Shader Files</Filter>
    </None>
    <None Include="shaders\*.glsl">
      <Filter>Shader Files</Filter>
    </None>
    <None Include="shaders\*.glsl">
      <Filter>Shader Files</Filter>
    </None>
    <None Include="shaders\*.glsl">
      <Filter>Shader Files</Filter>
    </None>
    <None Include="shaders\*.glsl">
      <Filter>Shader Files</Filter>
    </None>
    <None Include="shaders\*.glsl">
      <Filter>Shader Files</Filter>
    </None>
    <None Include="shaders\*.glsl">
      <Filter>Shader Files</Filter>
    </None>
    <None Include="shaders\*.glsl">
      <Filter>Shader Files</Filter>
    </None>
    <None Include="shaders\*.glsl">
      <Filter>Shader Files</Filter>
    </None>
    <None Include="data\jsons\**\*.json">
      <Filter>Json Files</Filter>
    </None>
    <None Include="data\jsons\**\*.json">
      <Filter>Json Files</Filter>
    </None>
    <None Include="data\jsons\**\*.json">
      <Filter>Json Files</Filter>
    </None>
  </ItemGroup>
</Project>